<?xml version="1.0" encoding="utf-8"?>
<Project ToolsVersion="4.0" xmlns="http://schemas.microsoft.com/developer/msbuild/2003">
  <ItemGroup>
    <ClCompile Include="Source\Application.cpp" />
    <ClCompile Include="Source\GameStateManagement\GameStateManager.cpp" />
    <ClCompile Include="Source\GameStateManagement\IntroState.cpp" />
    <ClCompile Include="Source\GameStateManagement\LoseState.cpp" />
    <ClCompile Include="Source\GameStateManagement\MenuState.cpp" />
    <ClCompile Include="Source\GameStateManagement\OptionsState.cpp" />
    <ClCompile Include="Source\GameStateManagement\PauseState.cpp" />
    <ClCompile Include="Source\GameStateManagement\PlayGameState.cpp" />
    <ClCompile Include="Source\GameStateManagement\WinState.cpp" />
    <ClCompile Include="Source\main.cpp" />
    <ClCompile Include="Source\Scene2D\BackgroundEntity.cpp" />
    <ClCompile Include="Source\Scene2D\Camera.cpp" />
    <ClCompile Include="Source\Scene2D\Crate.cpp" />
    <ClCompile Include="Source\Scene2D\Enemy2D.cpp" />
    <ClCompile Include="Source\Scene2D\EnemySawCon.cpp" />
    <ClCompile Include="Source\Scene2D\Flashlight.cpp" />
    <ClCompile Include="Source\Scene2D\GameManager.cpp" />
    <ClCompile Include="Source\Scene2D\GUI_Scene2D.cpp" />
    <ClCompile Include="Source\Scene2D\InventoryItem.cpp" />
    <ClCompile Include="Source\Scene2D\InventoryManager.cpp" />
    <ClCompile Include="Source\Scene2D\Light.cpp" />
    <ClCompile Include="Source\Scene2D\Map2D.cpp" />
    <ClCompile Include="Source\Scene2D\Physics2D.cpp" />
    <ClCompile Include="Source\Scene2D\Player2D.cpp" />
    <ClCompile Include="Source\Scene2D\Rays.cpp" />
    <ClCompile Include="Source\Scene2D\Scene2D.cpp" />
    <ClCompile Include="Source\SoundController\SoundController.cpp" />
    <ClCompile Include="Source\SoundController\SoundInfo.cpp" />
    <ClCompile Include="Source\GameStateManagement\JumpscareState.cpp" />
  </ItemGroup>
  <ItemGroup>
    <ClInclude Include="Source\Application.h" />
    <ClInclude Include="Source\GameStateManagement\GameStateBase.h" />
    <ClInclude Include="Source\GameStateManagement\GameStateManager.h" />
    <ClInclude Include="Source\GameStateManagement\IntroState.h" />
    <ClInclude Include="Source\GameStateManagement\LoseState.h" />
    <ClInclude Include="Source\GameStateManagement\MenuState.h" />
    <ClInclude Include="Source\GameStateManagement\OptionsState.h" />
    <ClInclude Include="Source\GameStateManagement\PauseState.h" />
    <ClInclude Include="Source\GameStateManagement\PlayGameState.h" />
    <ClInclude Include="Source\GameStateManagement\WinState.h" />
    <ClInclude Include="Source\Scene2D\BackgroundEntity.h" />
    <ClInclude Include="Source\Scene2D\Camera.h" />
    <ClInclude Include="Source\Scene2D\Crate.h" />
    <ClInclude Include="Source\Scene2D\Enemy2D.h" />
    <ClInclude Include="Source\Scene2D\EnemySawCon.h" />
    <ClInclude Include="Source\Scene2D\Flashlight.h" />
    <ClInclude Include="Source\Scene2D\GameManager.h" />
    <ClInclude Include="Source\Scene2D\GUI_Scene2D.h" />
    <ClInclude Include="Source\Scene2D\InventoryItem.h" />
    <ClInclude Include="Source\Scene2D\InventoryManager.h" />
    <ClInclude Include="Source\Scene2D\Light.h" />
    <ClInclude Include="Source\Scene2D\Map2D.h" />
    <ClInclude Include="Source\Scene2D\Physics2D.h" />
    <ClInclude Include="Source\Scene2D\Player2D.h" />
    <ClInclude Include="Source\Scene2D\Rays.h" />
    <ClInclude Include="Source\Scene2D\Scene2D.h" />
    <ClInclude Include="Source\SoundController\SoundController.h" />
    <ClInclude Include="Source\SoundController\SoundInfo.h" />
    <ClInclude Include="Source\GameStateManagement\JumpscareState.h" />
  </ItemGroup>
</Project>